// !$*UTF8*$!
{
	archiveVersion = 1;
	classes = {
	};
	objectVersion = 50;
	objects = {

/* Begin PBXBuildFile section */
		D419E1B22688C82B00DE2057 /* PageViewController.swift in Sources */ = {isa = PBXBuildFile; fileRef = D419E1B12688C82B00DE2057 /* PageViewController.swift */; };
		D46F59EA268A12D200ECF347 /* StoreData.swift in Sources */ = {isa = PBXBuildFile; fileRef = D46F59E9268A12D200ECF347 /* StoreData.swift */; };
		D46F59EC268A16A000ECF347 /* FetchData.swift in Sources */ = {isa = PBXBuildFile; fileRef = D46F59EB268A16A000ECF347 /* FetchData.swift */; };
		D46F59EE268A3B9500ECF347 /* Extensions.swift in Sources */ = {isa = PBXBuildFile; fileRef = D46F59ED268A3B9500ECF347 /* Extensions.swift */; };
		D493008926870AB600F0E91D /* AppDelegate.swift in Sources */ = {isa = PBXBuildFile; fileRef = D493008826870AB600F0E91D /* AppDelegate.swift */; };
		D493008B26870AB600F0E91D /* SceneDelegate.swift in Sources */ = {isa = PBXBuildFile; fileRef = D493008A26870AB600F0E91D /* SceneDelegate.swift */; };
		D493009026870AB600F0E91D /* Main.storyboard in Resources */ = {isa = PBXBuildFile; fileRef = D493008E26870AB600F0E91D /* Main.storyboard */; };
		D493009326870AB600F0E91D /* Profile_test.xcdatamodeld in Sources */ = {isa = PBXBuildFile; fileRef = D493009126870AB600F0E91D /* Profile_test.xcdatamodeld */; };
		D493009526870AB700F0E91D /* Assets.xcassets in Resources */ = {isa = PBXBuildFile; fileRef = D493009426870AB700F0E91D /* Assets.xcassets */; };
		D493009826870AB700F0E91D /* LaunchScreen.storyboard in Resources */ = {isa = PBXBuildFile; fileRef = D493009626870AB700F0E91D /* LaunchScreen.storyboard */; };
		D4F7A5EC26891954006F175A /* ProfileViewController.swift in Sources */ = {isa = PBXBuildFile; fileRef = D4F7A5EB26891954006F175A /* ProfileViewController.swift */; };
		D4F7A5EE26891962006F175A /* SettingsViewController.swift in Sources */ = {isa = PBXBuildFile; fileRef = D4F7A5ED26891962006F175A /* SettingsViewController.swift */; };
/* End PBXBuildFile section */

/* Begin PBXFileReference section */
		D419E1B12688C82B00DE2057 /* PageViewController.swift */ = {isa = PBXFileReference; lastKnownFileType = sourcecode.swift; path = PageViewController.swift; sourceTree = "<group>"; };
		D46F59E9268A12D200ECF347 /* StoreData.swift */ = {isa = PBXFileReference; lastKnownFileType = sourcecode.swift; path = StoreData.swift; sourceTree = "<group>"; };
		D46F59EB268A16A000ECF347 /* FetchData.swift */ = {isa = PBXFileReference; lastKnownFileType = sourcecode.swift; path = FetchData.swift; sourceTree = "<group>"; };
		D46F59ED268A3B9500ECF347 /* Extensions.swift */ = {isa = PBXFileReference; lastKnownFileType = sourcecode.swift; path = Extensions.swift; sourceTree = "<group>"; };
		D493008526870AB600F0E91D /* Profile_test.app */ = {isa = PBXFileReference; explicitFileType = wrapper.application; includeInIndex = 0; path = Profile_test.app; sourceTree = BUILT_PRODUCTS_DIR; };
		D493008826870AB600F0E91D /* AppDelegate.swift */ = {isa = PBXFileReference; lastKnownFileType = sourcecode.swift; path = AppDelegate.swift; sourceTree = "<group>"; };
		D493008A26870AB600F0E91D /* SceneDelegate.swift */ = {isa = PBXFileReference; lastKnownFileType = sourcecode.swift; path = SceneDelegate.swift; sourceTree = "<group>"; };
		D493008F26870AB600F0E91D /* Base */ = {isa = PBXFileReference; lastKnownFileType = file.storyboard; name = Base; path = Base.lproj/Main.storyboard; sourceTree = "<group>"; };
		D493009226870AB600F0E91D /* Profile_test.xcdatamodel */ = {isa = PBXFileReference; lastKnownFileType = wrapper.xcdatamodel; path = Profile_test.xcdatamodel; sourceTree = "<group>"; };
		D493009426870AB700F0E91D /* Assets.xcassets */ = {isa = PBXFileReference; lastKnownFileType = folder.assetcatalog; path = Assets.xcassets; sourceTree = "<group>"; };
		D493009726870AB700F0E91D /* Base */ = {isa = PBXFileReference; lastKnownFileType = file.storyboard; name = Base; path = Base.lproj/LaunchScreen.storyboard; sourceTree = "<group>"; };
		D493009926870AB700F0E91D /* Info.plist */ = {isa = PBXFileReference; lastKnownFileType = text.plist.xml; path = Info.plist; sourceTree = "<group>"; };
		D4F7A5EB26891954006F175A /* ProfileViewController.swift */ = {isa = PBXFileReference; lastKnownFileType = sourcecode.swift; path = ProfileViewController.swift; sourceTree = "<group>"; };
		D4F7A5ED26891962006F175A /* SettingsViewController.swift */ = {isa = PBXFileReference; lastKnownFileType = sourcecode.swift; path = SettingsViewController.swift; sourceTree = "<group>"; };
/* End PBXFileReference section */

/* Begin PBXFrameworksBuildPhase section */
		D493008226870AB600F0E91D /* Frameworks */ = {
			isa = PBXFrameworksBuildPhase;
			buildActionMask = 2147483647;
			files = (
			);
			runOnlyForDeploymentPostprocessing = 0;
		};
/* End PBXFrameworksBuildPhase section */

/* Begin PBXGroup section */
		D493007C26870AB600F0E91D = {
			isa = PBXGroup;
			children = (
				D493008726870AB600F0E91D /* Profile_test */,
				D493008626870AB600F0E91D /* Products */,
			);
			sourceTree = "<group>";
		};
		D493008626870AB600F0E91D /* Products */ = {
			isa = PBXGroup;
			children = (
				D493008526870AB600F0E91D /* Profile_test.app */,
			);
			name = Products;
			sourceTree = "<group>";
		};
		D493008726870AB600F0E91D /* Profile_test */ = {
			isa = PBXGroup;
			children = (
				D493009F26870ABE00F0E91D /* Application */,
				D49300A2268713B700F0E91D /* Settings */,
				D49300A1268713AF00F0E91D /* Profile */,
				D493008E26870AB600F0E91D /* Main.storyboard */,
				D419E1B12688C82B00DE2057 /* PageViewController.swift */,
				D493009426870AB700F0E91D /* Assets.xcassets */,
				D493009626870AB700F0E91D /* LaunchScreen.storyboard */,
				D493009926870AB700F0E91D /* Info.plist */,
				D493009126870AB600F0E91D /* Profile_test.xcdatamodeld */,
			);
			path = Profile_test;
			sourceTree = "<group>";
		};
		D493009F26870ABE00F0E91D /* Application */ = {
			isa = PBXGroup;
			children = (
				D493008826870AB600F0E91D /* AppDelegate.swift */,
				D493008A26870AB600F0E91D /* SceneDelegate.swift */,
			);
			path = Application;
			sourceTree = "<group>";
		};
		D49300A1268713AF00F0E91D /* Profile */ = {
			isa = PBXGroup;
			children = (
				D4F7A5EB26891954006F175A /* ProfileViewController.swift */,
				D46F59EB268A16A000ECF347 /* FetchData.swift */,
			);
			path = Profile;
			sourceTree = "<group>";
		};
		D49300A2268713B700F0E91D /* Settings */ = {
			isa = PBXGroup;
			children = (
				D4F7A5ED26891962006F175A /* SettingsViewController.swift */,
				D46F59E9268A12D200ECF347 /* StoreData.swift */,
				D46F59ED268A3B9500ECF347 /* Extensions.swift */,
			);
			path = Settings;
			sourceTree = "<group>";
		};
/* End PBXGroup section */

/* Begin PBXNativeTarget section */
		D493008426870AB600F0E91D /* Profile_test */ = {
			isa = PBXNativeTarget;
			buildConfigurationList = D493009C26870AB700F0E91D /* Build configuration list for PBXNativeTarget "Profile_test" */;
			buildPhases = (
				D493008126870AB600F0E91D /* Sources */,
				D493008226870AB600F0E91D /* Frameworks */,
				D493008326870AB600F0E91D /* Resources */,
			);
			buildRules = (
			);
			dependencies = (
			);
			name = Profile_test;
			productName = Profile_test;
			productReference = D493008526870AB600F0E91D /* Profile_test.app */;
			productType = "com.apple.product-type.application";
		};
/* End PBXNativeTarget section */

/* Begin PBXProject section */
		D493007D26870AB600F0E91D /* Project object */ = {
			isa = PBXProject;
			attributes = {
				LastSwiftUpdateCheck = 1250;
				LastUpgradeCheck = 1250;
				TargetAttributes = {
					D493008426870AB600F0E91D = {
						CreatedOnToolsVersion = 12.5.1;
					};
				};
			};
			buildConfigurationList = D493008026870AB600F0E91D /* Build configuration list for PBXProject "Profile_test" */;
			compatibilityVersion = "Xcode 9.3";
			developmentRegion = en;
			hasScannedForEncodings = 0;
			knownRegions = (
				en,
				Base,
			);
			mainGroup = D493007C26870AB600F0E91D;
			productRefGroup = D493008626870AB600F0E91D /* Products */;
			projectDirPath = "";
			projectRoot = "";
			targets = (
				D493008426870AB600F0E91D /* Profile_test */,
			);
		};
/* End PBXProject section */

/* Begin PBXResourcesBuildPhase section */
		D493008326870AB600F0E91D /* Resources */ = {
			isa = PBXResourcesBuildPhase;
			buildActionMask = 2147483647;
			files = (
				D493009826870AB700F0E91D /* LaunchScreen.storyboard in Resources */,
				D493009526870AB700F0E91D /* Assets.xcassets in Resources */,
				D493009026870AB600F0E91D /* Main.storyboard in Resources */,
			);
			runOnlyForDeploymentPostprocessing = 0;
		};
/* End PBXResourcesBuildPhase section */

/* Begin PBXSourcesBuildPhase section */
		D493008126870AB600F0E91D /* Sources */ = {
			isa = PBXSourcesBuildPhase;
			buildActionMask = 2147483647;
			files = (
				D46F59EE268A3B9500ECF347 /* Extensions.swift in Sources */,
				D493009326870AB600F0E91D /* Profile_test.xcdatamodeld in Sources */,
				D493008926870AB600F0E91D /* AppDelegate.swift in Sources */,
				D4F7A5EC26891954006F175A /* ProfileViewController.swift in Sources */,
				D493008B26870AB600F0E91D /* SceneDelegate.swift in Sources */,
				D419E1B22688C82B00DE2057 /* PageViewController.swift in Sources */,
				D4F7A5EE26891962006F175A /* SettingsViewController.swift in Sources */,
				D46F59EC268A16A000ECF347 /* FetchData.swift in Sources */,
				D46F59EA268A12D200ECF347 /* StoreData.swift in Sources */,
			);
			runOnlyForDeploymentPostprocessing = 0;
		};
/* End PBXSourcesBuildPhase section */

/* Begin PBXVariantGroup section */
		D493008E26870AB600F0E91D /* Main.storyboard */ = {
			isa = PBXVariantGroup;
			children = (
				D493008F26870AB600F0E91D /* Base */,
			);
			name = Main.storyboard;
			sourceTree = "<group>";
		};
		D493009626870AB700F0E91D /* LaunchScreen.storyboard */ = {
			isa = PBXVariantGroup;
			children = (
				D493009726870AB700F0E91D /* Base */,
			);
			name = LaunchScreen.storyboard;
			sourceTree = "<group>";
		};
/* End PBXVariantGroup section */

/* Begin XCBuildConfiguration section */
		D493009A26870AB700F0E91D /* Debug */ = {
			isa = XCBuildConfiguration;
			buildSettings = {
				ALWAYS_SEARCH_USER_PATHS = NO;
				CLANG_ANALYZER_NONNULL = YES;
				CLANG_ANALYZER_NUMBER_OBJECT_CONVERSION = YES_AGGRESSIVE;
				CLANG_CXX_LANGUAGE_STANDARD = "gnu++14";
				CLANG_CXX_LIBRARY = "libc++";
				CLANG_ENABLE_MODULES = YES;
				CLANG_ENABLE_OBJC_ARC = YES;
				CLANG_ENABLE_OBJC_WEAK = YES;
				CLANG_WARN_BLOCK_CAPTURE_AUTORELEASING = YES;
				CLANG_WARN_BOOL_CONVERSION = YES;
				CLANG_WARN_COMMA = YES;
				CLANG_WARN_CONSTANT_CONVERSION = YES;
				CLANG_WARN_DEPRECATED_OBJC_IMPLEMENTATIONS = YES;
				CLANG_WARN_DIRECT_OBJC_ISA_USAGE = YES_ERROR;
				CLANG_WARN_DOCUMENTATION_COMMENTS = YES;
				CLANG_WARN_EMPTY_BODY = YES;
				CLANG_WARN_ENUM_CONVERSION = YES;
				CLANG_WARN_INFINITE_RECURSION = YES;
				CLANG_WARN_INT_CONVERSION = YES;
				CLANG_WARN_NON_LITERAL_NULL_CONVERSION = YES;
				CLANG_WARN_OBJC_IMPLICIT_RETAIN_SELF = YES;
				CLANG_WARN_OBJC_LITERAL_CONVERSION = YES;
				CLANG_WARN_OBJC_ROOT_CLASS = YES_ERROR;
				CLANG_WARN_QUOTED_INCLUDE_IN_FRAMEWORK_HEADER = YES;
				CLANG_WARN_RANGE_LOOP_ANALYSIS = YES;
				CLANG_WARN_STRICT_PROTOTYPES = YES;
				CLANG_WARN_SUSPICIOUS_MOVE = YES;
				CLANG_WARN_UNGUARDED_AVAILABILITY = YES_AGGRESSIVE;
				CLANG_WARN_UNREACHABLE_CODE = YES;
				CLANG_WARN__DUPLICATE_METHOD_MATCH = YES;
				COPY_PHASE_STRIP = NO;
				DEBUG_INFORMATION_FORMAT = dwarf;
				ENABLE_STRICT_OBJC_MSGSEND = YES;
				ENABLE_TESTABILITY = YES;
				GCC_C_LANGUAGE_STANDARD = gnu11;
				GCC_DYNAMIC_NO_PIC = NO;
				GCC_NO_COMMON_BLOCKS = YES;
				GCC_OPTIMIZATION_LEVEL = 0;
				GCC_PREPROCESSOR_DEFINITIONS = (
					"DEBUG=1",
					"$(inherited)",
				);
				GCC_WARN_64_TO_32_BIT_CONVERSION = YES;
				GCC_WARN_ABOUT_RETURN_TYPE = YES_ERROR;
				GCC_WARN_UNDECLARED_SELECTOR = YES;
				GCC_WARN_UNINITIALIZED_AUTOS = YES_AGGRESSIVE;
				GCC_WARN_UNUSED_FUNCTION = YES;
				GCC_WARN_UNUSED_VARIABLE = YES;
				IPHONEOS_DEPLOYMENT_TARGET = 14.5;
				MTL_ENABLE_DEBUG_INFO = INCLUDE_SOURCE;
				MTL_FAST_MATH = YES;
				ONLY_ACTIVE_ARCH = YES;
				SDKROOT = iphoneos;
				SWIFT_ACTIVE_COMPILATION_CONDITIONS = DEBUG;
				SWIFT_OPTIMIZATION_LEVEL = "-Onone";
			};
			name = Debug;
		};
		D493009B26870AB700F0E91D /* Release */ = {
			isa = XCBuildConfiguration;
			buildSettings = {
				ALWAYS_SEARCH_USER_PATHS = NO;
				CLANG_ANALYZER_NONNULL = YES;
				CLANG_ANALYZER_NUMBER_OBJECT_CONVERSION = YES_AGGRESSIVE;
				CLANG_CXX_LANGUAGE_STANDARD = "gnu++14";
				CLANG_CXX_LIBRARY = "libc++";
				CLANG_ENABLE_MODULES = YES;
				CLANG_ENABLE_OBJC_ARC = YES;
				CLANG_ENABLE_OBJC_WEAK = YES;
				CLANG_WARN_BLOCK_CAPTURE_AUTORELEASING = YES;
				CLANG_WARN_BOOL_CONVERSION = YES;
				CLANG_WARN_COMMA = YES;
				CLANG_WARN_CONSTANT_CONVERSION = YES;
				CLANG_WARN_DEPRECATED_OBJC_IMPLEMENTATIONS = YES;
				CLANG_WARN_DIRECT_OBJC_ISA_USAGE = YES_ERROR;
				CLANG_WARN_DOCUMENTATION_COMMENTS = YES;
				CLANG_WARN_EMPTY_BODY = YES;
				CLANG_WARN_ENUM_CONVERSION = YES;
				CLANG_WARN_INFINITE_RECURSION = YES;
				CLANG_WARN_INT_CONVERSION = YES;
				CLANG_WARN_NON_LITERAL_NULL_CONVERSION = YES;
				CLANG_WARN_OBJC_IMPLICIT_RETAIN_SELF = YES;
				CLANG_WARN_OBJC_LITERAL_CONVERSION = YES;
				CLANG_WARN_OBJC_ROOT_CLASS = YES_ERROR;
				CLANG_WARN_QUOTED_INCLUDE_IN_FRAMEWORK_HEADER = YES;
				CLANG_WARN_RANGE_LOOP_ANALYSIS = YES;
				CLANG_WARN_STRICT_PROTOTYPES = YES;
				CLANG_WARN_SUSPICIOUS_MOVE = YES;
				CLANG_WARN_UNGUARDED_AVAILABILITY = YES_AGGRESSIVE;
				CLANG_WARN_UNREACHABLE_CODE = YES;
				CLANG_WARN__DUPLICATE_METHOD_MATCH = YES;
				COPY_PHASE_STRIP = NO;
				DEBUG_INFORMATION_FORMAT = "dwarf-with-dsym";
				ENABLE_NS_ASSERTIONS = NO;
				ENABLE_STRICT_OBJC_MSGSEND = YES;
				GCC_C_LANGUAGE_STANDARD = gnu11;
				GCC_NO_COMMON_BLOCKS = YES;
				GCC_WARN_64_TO_32_BIT_CONVERSION = YES;
				GCC_WARN_ABOUT_RETURN_TYPE = YES_ERROR;
				GCC_WARN_UNDECLARED_SELECTOR = YES;
				GCC_WARN_UNINITIALIZED_AUTOS = YES_AGGRESSIVE;
				GCC_WARN_UNUSED_FUNCTION = YES;
				GCC_WARN_UNUSED_VARIABLE = YES;
				IPHONEOS_DEPLOYMENT_TARGET = 14.5;
				MTL_ENABLE_DEBUG_INFO = NO;
				MTL_FAST_MATH = YES;
				SDKROOT = iphoneos;
				SWIFT_COMPILATION_MODE = wholemodule;
				SWIFT_OPTIMIZATION_LEVEL = "-O";
				VALIDATE_PRODUCT = YES;
			};
			name = Release;
		};
		D493009D26870AB700F0E91D /* Debug */ = {
			isa = XCBuildConfiguration;
			buildSettings = {
				ASSETCATALOG_COMPILER_APPICON_NAME = AppIcon;
				ASSETCATALOG_COMPILER_GLOBAL_ACCENT_COLOR_NAME = AccentColor;
				CODE_SIGN_STYLE = Automatic;
				DEVELOPMENT_TEAM = J9ZD55BC9Y;
				INFOPLIST_FILE = Profile_test/Info.plist;
				LD_RUNPATH_SEARCH_PATHS = (
					"$(inherited)",
					"@executable_path/Frameworks",
				);
				PRODUCT_BUNDLE_IDENTIFIER = "com.Dzmitry-Semianovich.Profile-test";
				PRODUCT_NAME = "$(TARGET_NAME)";
				SWIFT_VERSION = 5.0;
				TARGETED_DEVICE_FAMILY = "1,2";
			};
			name = Debug;
		};
		D493009E26870AB700F0E91D /* Release */ = {
			isa = XCBuildConfiguration;
			buildSettings = {
				ASSETCATALOG_COMPILER_APPICON_NAME = AppIcon;
				ASSETCATALOG_COMPILER_GLOBAL_ACCENT_COLOR_NAME = AccentColor;
				CODE_SIGN_STYLE = Automatic;
				DEVELOPMENT_TEAM = J9ZD55BC9Y;
				INFOPLIST_FILE = Profile_test/Info.plist;
				LD_RUNPATH_SEARCH_PATHS = (
					"$(inherited)",
					"@executable_path/Frameworks",
				);
				PRODUCT_BUNDLE_IDENTIFIER = "com.Dzmitry-Semianovich.Profile-test";
				PRODUCT_NAME = "$(TARGET_NAME)";
				SWIFT_VERSION = 5.0;
				TARGETED_DEVICE_FAMILY = "1,2";
			};
			name = Release;
		};
/* End XCBuildConfiguration section */

/* Begin XCConfigurationList section */
		D493008026870AB600F0E91D /* Build configuration list for PBXProject "Profile_test" */ = {
			isa = XCConfigurationList;
			buildConfigurations = (
				D493009A26870AB700F0E91D /* Debug */,
				D493009B26870AB700F0E91D /* Release */,
			);
			defaultConfigurationIsVisible = 0;
			defaultConfigurationName = Release;
		};
		D493009C26870AB700F0E91D /* Build configuration list for PBXNativeTarget "Profile_test" */ = {
			isa = XCConfigurationList;
			buildConfigurations = (
				D493009D26870AB700F0E91D /* Debug */,
				D493009E26870AB700F0E91D /* Release */,
			);
			defaultConfigurationIsVisible = 0;
			defaultConfigurationName = Release;
		};
/* End XCConfigurationList section */

/* Begin XCVersionGroup section */
		D493009126870AB600F0E91D /* Profile_test.xcdatamodeld */ = {
			isa = XCVersionGroup;
			children = (
				D493009226870AB600F0E91D /* Profile_test.xcdatamodel */,
			);
			currentVersion = D493009226870AB600F0E91D /* Profile_test.xcdatamodel */;
			path = Profile_test.xcdatamodeld;
			sourceTree = "<group>";
			versionGroupType = wrapper.xcdatamodel;
		};
/* End XCVersionGroup section */
	};
	rootObject = D493007D26870AB600F0E91D /* Project object */;
}
